
Microsoft Visual Studio Solution File, Format Version 12.00
# Visual Studio Version 16
VisualStudioVersion = 16.0.31624.102
MinimumVisualStudioVersion = 10.0.40219.1
Project("{FAE04EC0-301F-11D3-BF4B-00C04F79EFBC}") = "OOPpet", "OOPpet\OOPpet.csproj", "{0F013E88-3D75-4361-9592-8F4021570C91}"
EndProject
Project("{FAE04EC0-301F-11D3-BF4B-00C04F79EFBC}") = "OOPcar", "OOPcar\OOPcar.csproj", "{5294869F-DA68-429D-8975-2EE8D92F7128}"
EndProject
Global
	GlobalSection(SolutionConfigurationPlatforms) = preSolution
		Debug|Any CPU = Debug|Any CPU
		Release|Any CPU = Release|Any CPU
	EndGlobalSection
	GlobalSection(ProjectConfigurationPlatforms) = postSolution
		{0F013E88-3D75-4361-9592-8F4021570C91}.Debug|Any CPU.ActiveCfg = Debug|Any CPU
		{0F013E88-3D75-4361-9592-8F4021570C91}.Debug|Any CPU.Build.0 = Debug|Any CPU
		{0F013E88-3D75-4361-9592-8F4021570C91}.Release|Any CPU.ActiveCfg = Release|Any CPU
		{0F013E88-3D75-4361-9592-8F4021570C91}.Release|Any CPU.Build.0 = Release|Any CPU
		{5294869F-DA68-429D-8975-2EE8D92F7128}.Debug|Any CPU.ActiveCfg = Debug|Any CPU
		{5294869F-DA68-429D-8975-2EE8D92F7128}.Debug|Any CPU.Build.0 = Debug|Any CPU
		{5294869F-DA68-429D-8975-2EE8D92F7128}.Release|Any CPU.ActiveCfg = Release|Any CPU
		{5294869F-DA68-429D-8975-2EE8D92F7128}.Release|Any CPU.Build.0 = Release|Any CPU
	EndGlobalSection
	GlobalSection(SolutionProperties) = preSolution
		HideSolutionNode = FALSE
	EndGlobalSection
	GlobalSection(ExtensibilityGlobals) = postSolution
		SolutionGuid = {649C03DA-70DD-409B-9542-566805838944}
	EndGlobalSection
EndGlobal
